// !$*UTF8*$!
{
	archiveVersion = 1;
	classes = {
	};
	objectVersion = 56;
	objects = {

/* Begin PBXBuildFile section */
		4CB15A602A169E0A007EFEB0 /* EmptyViewController.swift in Sources */ = {isa = PBXBuildFile; fileRef = 4CB15A5F2A169E0A007EFEB0 /* EmptyViewController.swift */; };
		4CB15A622A169E0B007EFEB0 /* Assets.xcassets in Resources */ = {isa = PBXBuildFile; fileRef = 4CB15A612A169E0B007EFEB0 /* Assets.xcassets */; };
		4CB15A702A169E0B007EFEB0 /* Paper_FlowTests.swift in Sources */ = {isa = PBXBuildFile; fileRef = 4CB15A6F2A169E0B007EFEB0 /* Paper_FlowTests.swift */; };
		4CB15A7A2A169E0B007EFEB0 /* Paper_FlowUITests.swift in Sources */ = {isa = PBXBuildFile; fileRef = 4CB15A792A169E0B007EFEB0 /* Paper_FlowUITests.swift */; };
		4CB15A7C2A169E0B007EFEB0 /* Paper_FlowUITestsLaunchTests.swift in Sources */ = {isa = PBXBuildFile; fileRef = 4CB15A7B2A169E0B007EFEB0 /* Paper_FlowUITestsLaunchTests.swift */; };
		4CB15A8A2A16A08A007EFEB0 /* main.swift in Sources */ = {isa = PBXBuildFile; fileRef = 4CB15A892A16A08A007EFEB0 /* main.swift */; };
		4CB15A8D2A16A156007EFEB0 /* App.swift in Sources */ = {isa = PBXBuildFile; fileRef = 4CB15A8C2A16A156007EFEB0 /* App.swift */; };
		4CB15A8F2A16A179007EFEB0 /* App.Delegate.swift in Sources */ = {isa = PBXBuildFile; fileRef = 4CB15A8E2A16A179007EFEB0 /* App.Delegate.swift */; };
		4CB15A922A16A313007EFEB0 /* NSWindow + Extension.swift in Sources */ = {isa = PBXBuildFile; fileRef = 4CB15A912A16A313007EFEB0 /* NSWindow + Extension.swift */; };
		4CB15A962A16A453007EFEB0 /* Routable.swift in Sources */ = {isa = PBXBuildFile; fileRef = 4CB15A952A16A453007EFEB0 /* Routable.swift */; };
		4CB15A982A16A48E007EFEB0 /* Router.swift in Sources */ = {isa = PBXBuildFile; fileRef = 4CB15A972A16A48E007EFEB0 /* Router.swift */; };
		4CB15A9A2A16A768007EFEB0 /* App.WindowController.swift in Sources */ = {isa = PBXBuildFile; fileRef = 4CB15A992A16A768007EFEB0 /* App.WindowController.swift */; };
		4CB15AA02A16AEC0007EFEB0 /* Sidebar.swift in Sources */ = {isa = PBXBuildFile; fileRef = 4CB15A9F2A16AEC0007EFEB0 /* Sidebar.swift */; };
		4CB15AA22A16AEED007EFEB0 /* Sidebar.ViewController.swift in Sources */ = {isa = PBXBuildFile; fileRef = 4CB15AA12A16AEED007EFEB0 /* Sidebar.ViewController.swift */; };
		4CB15AA42A16AF57007EFEB0 /* Sidebar.Assembly.swift in Sources */ = {isa = PBXBuildFile; fileRef = 4CB15AA32A16AF57007EFEB0 /* Sidebar.Assembly.swift */; };
		4CB15AA62A16B086007EFEB0 /* NSTableColumn + Extentions.swift in Sources */ = {isa = PBXBuildFile; fileRef = 4CB15AA52A16B086007EFEB0 /* NSTableColumn + Extentions.swift */; };
/* End PBXBuildFile section */

/* Begin PBXContainerItemProxy section */
		4CB15A6C2A169E0B007EFEB0 /* PBXContainerItemProxy */ = {
			isa = PBXContainerItemProxy;
			containerPortal = 4CB15A522A169E0A007EFEB0 /* Project object */;
			proxyType = 1;
			remoteGlobalIDString = 4CB15A592A169E0A007EFEB0;
			remoteInfo = "Paper Flow";
		};
		4CB15A762A169E0B007EFEB0 /* PBXContainerItemProxy */ = {
			isa = PBXContainerItemProxy;
			containerPortal = 4CB15A522A169E0A007EFEB0 /* Project object */;
			proxyType = 1;
			remoteGlobalIDString = 4CB15A592A169E0A007EFEB0;
			remoteInfo = "Paper Flow";
		};
/* End PBXContainerItemProxy section */

/* Begin PBXFileReference section */
		4CB15A5A2A169E0A007EFEB0 /* Paper Flow.app */ = {isa = PBXFileReference; explicitFileType = wrapper.application; includeInIndex = 0; path = "Paper Flow.app"; sourceTree = BUILT_PRODUCTS_DIR; };
		4CB15A5F2A169E0A007EFEB0 /* EmptyViewController.swift */ = {isa = PBXFileReference; lastKnownFileType = sourcecode.swift; path = EmptyViewController.swift; sourceTree = "<group>"; };
		4CB15A612A169E0B007EFEB0 /* Assets.xcassets */ = {isa = PBXFileReference; lastKnownFileType = folder.assetcatalog; path = Assets.xcassets; sourceTree = "<group>"; };
		4CB15A662A169E0B007EFEB0 /* Paper_Flow.entitlements */ = {isa = PBXFileReference; lastKnownFileType = text.plist.entitlements; path = Paper_Flow.entitlements; sourceTree = "<group>"; };
		4CB15A6B2A169E0B007EFEB0 /* Paper FlowTests.xctest */ = {isa = PBXFileReference; explicitFileType = wrapper.cfbundle; includeInIndex = 0; path = "Paper FlowTests.xctest"; sourceTree = BUILT_PRODUCTS_DIR; };
		4CB15A6F2A169E0B007EFEB0 /* Paper_FlowTests.swift */ = {isa = PBXFileReference; lastKnownFileType = sourcecode.swift; path = Paper_FlowTests.swift; sourceTree = "<group>"; };
		4CB15A752A169E0B007EFEB0 /* Paper FlowUITests.xctest */ = {isa = PBXFileReference; explicitFileType = wrapper.cfbundle; includeInIndex = 0; path = "Paper FlowUITests.xctest"; sourceTree = BUILT_PRODUCTS_DIR; };
		4CB15A792A169E0B007EFEB0 /* Paper_FlowUITests.swift */ = {isa = PBXFileReference; lastKnownFileType = sourcecode.swift; path = Paper_FlowUITests.swift; sourceTree = "<group>"; };
		4CB15A7B2A169E0B007EFEB0 /* Paper_FlowUITestsLaunchTests.swift */ = {isa = PBXFileReference; lastKnownFileType = sourcecode.swift; path = Paper_FlowUITestsLaunchTests.swift; sourceTree = "<group>"; };
		4CB15A892A16A08A007EFEB0 /* main.swift */ = {isa = PBXFileReference; lastKnownFileType = sourcecode.swift; path = main.swift; sourceTree = "<group>"; };
		4CB15A8C2A16A156007EFEB0 /* App.swift */ = {isa = PBXFileReference; lastKnownFileType = sourcecode.swift; path = App.swift; sourceTree = "<group>"; };
		4CB15A8E2A16A179007EFEB0 /* App.Delegate.swift */ = {isa = PBXFileReference; lastKnownFileType = sourcecode.swift; path = App.Delegate.swift; sourceTree = "<group>"; };
		4CB15A912A16A313007EFEB0 /* NSWindow + Extension.swift */ = {isa = PBXFileReference; lastKnownFileType = sourcecode.swift; path = "NSWindow + Extension.swift"; sourceTree = "<group>"; };
		4CB15A952A16A453007EFEB0 /* Routable.swift */ = {isa = PBXFileReference; lastKnownFileType = sourcecode.swift; path = Routable.swift; sourceTree = "<group>"; };
		4CB15A972A16A48E007EFEB0 /* Router.swift */ = {isa = PBXFileReference; lastKnownFileType = sourcecode.swift; path = Router.swift; sourceTree = "<group>"; };
		4CB15A992A16A768007EFEB0 /* App.WindowController.swift */ = {isa = PBXFileReference; lastKnownFileType = sourcecode.swift; path = App.WindowController.swift; sourceTree = "<group>"; };
		4CB15A9F2A16AEC0007EFEB0 /* Sidebar.swift */ = {isa = PBXFileReference; lastKnownFileType = sourcecode.swift; path = Sidebar.swift; sourceTree = "<group>"; };
		4CB15AA12A16AEED007EFEB0 /* Sidebar.ViewController.swift */ = {isa = PBXFileReference; lastKnownFileType = sourcecode.swift; path = Sidebar.ViewController.swift; sourceTree = "<group>"; };
		4CB15AA32A16AF57007EFEB0 /* Sidebar.Assembly.swift */ = {isa = PBXFileReference; lastKnownFileType = sourcecode.swift; path = Sidebar.Assembly.swift; sourceTree = "<group>"; };
		4CB15AA52A16B086007EFEB0 /* NSTableColumn + Extentions.swift */ = {isa = PBXFileReference; lastKnownFileType = sourcecode.swift; path = "NSTableColumn + Extentions.swift"; sourceTree = "<group>"; };
/* End PBXFileReference section */

/* Begin PBXFrameworksBuildPhase section */
		4CB15A572A169E0A007EFEB0 /* Frameworks */ = {
			isa = PBXFrameworksBuildPhase;
			buildActionMask = 2147483647;
			files = (
			);
			runOnlyForDeploymentPostprocessing = 0;
		};
		4CB15A682A169E0B007EFEB0 /* Frameworks */ = {
			isa = PBXFrameworksBuildPhase;
			buildActionMask = 2147483647;
			files = (
			);
			runOnlyForDeploymentPostprocessing = 0;
		};
		4CB15A722A169E0B007EFEB0 /* Frameworks */ = {
			isa = PBXFrameworksBuildPhase;
			buildActionMask = 2147483647;
			files = (
			);
			runOnlyForDeploymentPostprocessing = 0;
		};
/* End PBXFrameworksBuildPhase section */

/* Begin PBXGroup section */
		4CB15A512A169E0A007EFEB0 = {
			isa = PBXGroup;
			children = (
				4CB15A5C2A169E0A007EFEB0 /* Paper Flow */,
				4CB15A6E2A169E0B007EFEB0 /* Paper FlowTests */,
				4CB15A782A169E0B007EFEB0 /* Paper FlowUITests */,
				4CB15A5B2A169E0A007EFEB0 /* Products */,
			);
			sourceTree = "<group>";
		};
		4CB15A5B2A169E0A007EFEB0 /* Products */ = {
			isa = PBXGroup;
			children = (
				4CB15A5A2A169E0A007EFEB0 /* Paper Flow.app */,
				4CB15A6B2A169E0B007EFEB0 /* Paper FlowTests.xctest */,
				4CB15A752A169E0B007EFEB0 /* Paper FlowUITests.xctest */,
			);
			name = Products;
			sourceTree = "<group>";
		};
		4CB15A5C2A169E0A007EFEB0 /* Paper Flow */ = {
			isa = PBXGroup;
			children = (
				4CB15A8B2A16A145007EFEB0 /* App */,
				4CB15A892A16A08A007EFEB0 /* main.swift */,
				4CB15A932A16A432007EFEB0 /* Common */,
				4CB15A902A16A2F6007EFEB0 /* UserInterface */,
				4CB15A9D2A16AE95007EFEB0 /* Units */,
				4CB15A662A169E0B007EFEB0 /* Paper_Flow.entitlements */,
				4CB15A882A16A03C007EFEB0 /* Resource */,
			);
			path = "Paper Flow";
			sourceTree = "<group>";
		};
		4CB15A6E2A169E0B007EFEB0 /* Paper FlowTests */ = {
			isa = PBXGroup;
			children = (
				4CB15A6F2A169E0B007EFEB0 /* Paper_FlowTests.swift */,
			);
			path = "Paper FlowTests";
			sourceTree = "<group>";
		};
		4CB15A782A169E0B007EFEB0 /* Paper FlowUITests */ = {
			isa = PBXGroup;
			children = (
				4CB15A792A169E0B007EFEB0 /* Paper_FlowUITests.swift */,
				4CB15A7B2A169E0B007EFEB0 /* Paper_FlowUITestsLaunchTests.swift */,
			);
			path = "Paper FlowUITests";
			sourceTree = "<group>";
		};
		4CB15A882A16A03C007EFEB0 /* Resource */ = {
			isa = PBXGroup;
			children = (
				4CB15A612A169E0B007EFEB0 /* Assets.xcassets */,
			);
			path = Resource;
			sourceTree = "<group>";
		};
		4CB15A8B2A16A145007EFEB0 /* App */ = {
			isa = PBXGroup;
			children = (
				4CB15A8C2A16A156007EFEB0 /* App.swift */,
				4CB15A8E2A16A179007EFEB0 /* App.Delegate.swift */,
				4CB15A992A16A768007EFEB0 /* App.WindowController.swift */,
			);
			path = App;
			sourceTree = "<group>";
		};
		4CB15A902A16A2F6007EFEB0 /* UserInterface */ = {
			isa = PBXGroup;
			children = (
				4CB15A5F2A169E0A007EFEB0 /* EmptyViewController.swift */,
				4CB15A912A16A313007EFEB0 /* NSWindow + Extension.swift */,
				4CB15AA52A16B086007EFEB0 /* NSTableColumn + Extentions.swift */,
			);
			path = UserInterface;
			sourceTree = "<group>";
		};
		4CB15A932A16A432007EFEB0 /* Common */ = {
			isa = PBXGroup;
			children = (
				4CB15A942A16A445007EFEB0 /* Router */,
			);
			path = Common;
			sourceTree = "<group>";
		};
		4CB15A942A16A445007EFEB0 /* Router */ = {
			isa = PBXGroup;
			children = (
				4CB15A972A16A48E007EFEB0 /* Router.swift */,
				4CB15A952A16A453007EFEB0 /* Routable.swift */,
			);
			path = Router;
			sourceTree = "<group>";
		};
		4CB15A9D2A16AE95007EFEB0 /* Units */ = {
			isa = PBXGroup;
			children = (
				4CB15A9E2A16AEAE007EFEB0 /* Sidebar */,
			);
			path = Units;
			sourceTree = "<group>";
		};
		4CB15A9E2A16AEAE007EFEB0 /* Sidebar */ = {
			isa = PBXGroup;
			children = (
				4CB15A9F2A16AEC0007EFEB0 /* Sidebar.swift */,
				4CB15AA32A16AF57007EFEB0 /* Sidebar.Assembly.swift */,
				4CB15AA12A16AEED007EFEB0 /* Sidebar.ViewController.swift */,
			);
			path = Sidebar;
			sourceTree = "<group>";
		};
/* End PBXGroup section */

/* Begin PBXNativeTarget section */
		4CB15A592A169E0A007EFEB0 /* Paper Flow */ = {
			isa = PBXNativeTarget;
			buildConfigurationList = 4CB15A7F2A169E0B007EFEB0 /* Build configuration list for PBXNativeTarget "Paper Flow" */;
			buildPhases = (
				4CB15A562A169E0A007EFEB0 /* Sources */,
				4CB15A572A169E0A007EFEB0 /* Frameworks */,
				4CB15A582A169E0A007EFEB0 /* Resources */,
			);
			buildRules = (
			);
			dependencies = (
			);
			name = "Paper Flow";
			productName = "Paper Flow";
			productReference = 4CB15A5A2A169E0A007EFEB0 /* Paper Flow.app */;
			productType = "com.apple.product-type.application";
		};
		4CB15A6A2A169E0B007EFEB0 /* Paper FlowTests */ = {
			isa = PBXNativeTarget;
			buildConfigurationList = 4CB15A822A169E0B007EFEB0 /* Build configuration list for PBXNativeTarget "Paper FlowTests" */;
			buildPhases = (
				4CB15A672A169E0B007EFEB0 /* Sources */,
				4CB15A682A169E0B007EFEB0 /* Frameworks */,
				4CB15A692A169E0B007EFEB0 /* Resources */,
			);
			buildRules = (
			);
			dependencies = (
				4CB15A6D2A169E0B007EFEB0 /* PBXTargetDependency */,
			);
			name = "Paper FlowTests";
			productName = "Paper FlowTests";
			productReference = 4CB15A6B2A169E0B007EFEB0 /* Paper FlowTests.xctest */;
			productType = "com.apple.product-type.bundle.unit-test";
		};
		4CB15A742A169E0B007EFEB0 /* Paper FlowUITests */ = {
			isa = PBXNativeTarget;
			buildConfigurationList = 4CB15A852A169E0B007EFEB0 /* Build configuration list for PBXNativeTarget "Paper FlowUITests" */;
			buildPhases = (
				4CB15A712A169E0B007EFEB0 /* Sources */,
				4CB15A722A169E0B007EFEB0 /* Frameworks */,
				4CB15A732A169E0B007EFEB0 /* Resources */,
			);
			buildRules = (
			);
			dependencies = (
				4CB15A772A169E0B007EFEB0 /* PBXTargetDependency */,
			);
			name = "Paper FlowUITests";
			productName = "Paper FlowUITests";
			productReference = 4CB15A752A169E0B007EFEB0 /* Paper FlowUITests.xctest */;
			productType = "com.apple.product-type.bundle.ui-testing";
		};
/* End PBXNativeTarget section */

/* Begin PBXProject section */
		4CB15A522A169E0A007EFEB0 /* Project object */ = {
			isa = PBXProject;
			attributes = {
				BuildIndependentTargetsInParallel = 1;
				LastSwiftUpdateCheck = 1420;
				LastUpgradeCheck = 1420;
				TargetAttributes = {
					4CB15A592A169E0A007EFEB0 = {
						CreatedOnToolsVersion = 14.2;
					};
					4CB15A6A2A169E0B007EFEB0 = {
						CreatedOnToolsVersion = 14.2;
						TestTargetID = 4CB15A592A169E0A007EFEB0;
					};
					4CB15A742A169E0B007EFEB0 = {
						CreatedOnToolsVersion = 14.2;
						TestTargetID = 4CB15A592A169E0A007EFEB0;
					};
				};
			};
			buildConfigurationList = 4CB15A552A169E0A007EFEB0 /* Build configuration list for PBXProject "Paper Flow" */;
			compatibilityVersion = "Xcode 14.0";
			developmentRegion = en;
			hasScannedForEncodings = 0;
			knownRegions = (
				en,
				Base,
			);
			mainGroup = 4CB15A512A169E0A007EFEB0;
			productRefGroup = 4CB15A5B2A169E0A007EFEB0 /* Products */;
			projectDirPath = "";
			projectRoot = "";
			targets = (
				4CB15A592A169E0A007EFEB0 /* Paper Flow */,
				4CB15A6A2A169E0B007EFEB0 /* Paper FlowTests */,
				4CB15A742A169E0B007EFEB0 /* Paper FlowUITests */,
			);
		};
/* End PBXProject section */

/* Begin PBXResourcesBuildPhase section */
		4CB15A582A169E0A007EFEB0 /* Resources */ = {
			isa = PBXResourcesBuildPhase;
			buildActionMask = 2147483647;
			files = (
				4CB15A622A169E0B007EFEB0 /* Assets.xcassets in Resources */,
			);
			runOnlyForDeploymentPostprocessing = 0;
		};
		4CB15A692A169E0B007EFEB0 /* Resources */ = {
			isa = PBXResourcesBuildPhase;
			buildActionMask = 2147483647;
			files = (
			);
			runOnlyForDeploymentPostprocessing = 0;
		};
		4CB15A732A169E0B007EFEB0 /* Resources */ = {
			isa = PBXResourcesBuildPhase;
			buildActionMask = 2147483647;
			files = (
			);
			runOnlyForDeploymentPostprocessing = 0;
		};
/* End PBXResourcesBuildPhase section */

/* Begin PBXSourcesBuildPhase section */
		4CB15A562A169E0A007EFEB0 /* Sources */ = {
			isa = PBXSourcesBuildPhase;
			buildActionMask = 2147483647;
			files = (
				4CB15AA62A16B086007EFEB0 /* NSTableColumn + Extentions.swift in Sources */,
				4CB15A9A2A16A768007EFEB0 /* App.WindowController.swift in Sources */,
				4CB15A8F2A16A179007EFEB0 /* App.Delegate.swift in Sources */,
				4CB15A962A16A453007EFEB0 /* Routable.swift in Sources */,
				4CB15AA42A16AF57007EFEB0 /* Sidebar.Assembly.swift in Sources */,
				4CB15A602A169E0A007EFEB0 /* EmptyViewController.swift in Sources */,
				4CB15A982A16A48E007EFEB0 /* Router.swift in Sources */,
				4CB15A922A16A313007EFEB0 /* NSWindow + Extension.swift in Sources */,
				4CB15AA22A16AEED007EFEB0 /* Sidebar.ViewController.swift in Sources */,
				4CB15A8D2A16A156007EFEB0 /* App.swift in Sources */,
				4CB15AA02A16AEC0007EFEB0 /* Sidebar.swift in Sources */,
				4CB15A8A2A16A08A007EFEB0 /* main.swift in Sources */,
			);
			runOnlyForDeploymentPostprocessing = 0;
		};
		4CB15A672A169E0B007EFEB0 /* Sources */ = {
			isa = PBXSourcesBuildPhase;
			buildActionMask = 2147483647;
			files = (
				4CB15A702A169E0B007EFEB0 /* Paper_FlowTests.swift in Sources */,
			);
			runOnlyForDeploymentPostprocessing = 0;
		};
		4CB15A712A169E0B007EFEB0 /* Sources */ = {
			isa = PBXSourcesBuildPhase;
			buildActionMask = 2147483647;
			files = (
				4CB15A7A2A169E0B007EFEB0 /* Paper_FlowUITests.swift in Sources */,
				4CB15A7C2A169E0B007EFEB0 /* Paper_FlowUITestsLaunchTests.swift in Sources */,
			);
			runOnlyForDeploymentPostprocessing = 0;
		};
/* End PBXSourcesBuildPhase section */

/* Begin PBXTargetDependency section */
		4CB15A6D2A169E0B007EFEB0 /* PBXTargetDependency */ = {
			isa = PBXTargetDependency;
			target = 4CB15A592A169E0A007EFEB0 /* Paper Flow */;
			targetProxy = 4CB15A6C2A169E0B007EFEB0 /* PBXContainerItemProxy */;
		};
		4CB15A772A169E0B007EFEB0 /* PBXTargetDependency */ = {
			isa = PBXTargetDependency;
			target = 4CB15A592A169E0A007EFEB0 /* Paper Flow */;
			targetProxy = 4CB15A762A169E0B007EFEB0 /* PBXContainerItemProxy */;
		};
/* End PBXTargetDependency section */

/* Begin XCBuildConfiguration section */
		4CB15A7D2A169E0B007EFEB0 /* Debug */ = {
			isa = XCBuildConfiguration;
			buildSettings = {
				ALWAYS_SEARCH_USER_PATHS = NO;
				CLANG_ANALYZER_NONNULL = YES;
				CLANG_ANALYZER_NUMBER_OBJECT_CONVERSION = YES_AGGRESSIVE;
				CLANG_CXX_LANGUAGE_STANDARD = "gnu++20";
				CLANG_ENABLE_MODULES = YES;
				CLANG_ENABLE_OBJC_ARC = YES;
				CLANG_ENABLE_OBJC_WEAK = YES;
				CLANG_WARN_BLOCK_CAPTURE_AUTORELEASING = YES;
				CLANG_WARN_BOOL_CONVERSION = YES;
				CLANG_WARN_COMMA = YES;
				CLANG_WARN_CONSTANT_CONVERSION = YES;
				CLANG_WARN_DEPRECATED_OBJC_IMPLEMENTATIONS = YES;
				CLANG_WARN_DIRECT_OBJC_ISA_USAGE = YES_ERROR;
				CLANG_WARN_DOCUMENTATION_COMMENTS = YES;
				CLANG_WARN_EMPTY_BODY = YES;
				CLANG_WARN_ENUM_CONVERSION = YES;
				CLANG_WARN_INFINITE_RECURSION = YES;
				CLANG_WARN_INT_CONVERSION = YES;
				CLANG_WARN_NON_LITERAL_NULL_CONVERSION = YES;
				CLANG_WARN_OBJC_IMPLICIT_RETAIN_SELF = YES;
				CLANG_WARN_OBJC_LITERAL_CONVERSION = YES;
				CLANG_WARN_OBJC_ROOT_CLASS = YES_ERROR;
				CLANG_WARN_QUOTED_INCLUDE_IN_FRAMEWORK_HEADER = YES;
				CLANG_WARN_RANGE_LOOP_ANALYSIS = YES;
				CLANG_WARN_STRICT_PROTOTYPES = YES;
				CLANG_WARN_SUSPICIOUS_MOVE = YES;
				CLANG_WARN_UNGUARDED_AVAILABILITY = YES_AGGRESSIVE;
				CLANG_WARN_UNREACHABLE_CODE = YES;
				CLANG_WARN__DUPLICATE_METHOD_MATCH = YES;
				COPY_PHASE_STRIP = NO;
				DEBUG_INFORMATION_FORMAT = dwarf;
				ENABLE_STRICT_OBJC_MSGSEND = YES;
				ENABLE_TESTABILITY = YES;
				GCC_C_LANGUAGE_STANDARD = gnu11;
				GCC_DYNAMIC_NO_PIC = NO;
				GCC_NO_COMMON_BLOCKS = YES;
				GCC_OPTIMIZATION_LEVEL = 0;
				GCC_PREPROCESSOR_DEFINITIONS = (
					"DEBUG=1",
					"$(inherited)",
				);
				GCC_WARN_64_TO_32_BIT_CONVERSION = YES;
				GCC_WARN_ABOUT_RETURN_TYPE = YES_ERROR;
				GCC_WARN_UNDECLARED_SELECTOR = YES;
				GCC_WARN_UNINITIALIZED_AUTOS = YES_AGGRESSIVE;
				GCC_WARN_UNUSED_FUNCTION = YES;
				GCC_WARN_UNUSED_VARIABLE = YES;
				MACOSX_DEPLOYMENT_TARGET = 13.1;
				MTL_ENABLE_DEBUG_INFO = INCLUDE_SOURCE;
				MTL_FAST_MATH = YES;
				ONLY_ACTIVE_ARCH = YES;
				SDKROOT = macosx;
				SWIFT_ACTIVE_COMPILATION_CONDITIONS = DEBUG;
				SWIFT_OPTIMIZATION_LEVEL = "-Onone";
			};
			name = Debug;
		};
		4CB15A7E2A169E0B007EFEB0 /* Release */ = {
			isa = XCBuildConfiguration;
			buildSettings = {
				ALWAYS_SEARCH_USER_PATHS = NO;
				CLANG_ANALYZER_NONNULL = YES;
				CLANG_ANALYZER_NUMBER_OBJECT_CONVERSION = YES_AGGRESSIVE;
				CLANG_CXX_LANGUAGE_STANDARD = "gnu++20";
				CLANG_ENABLE_MODULES = YES;
				CLANG_ENABLE_OBJC_ARC = YES;
				CLANG_ENABLE_OBJC_WEAK = YES;
				CLANG_WARN_BLOCK_CAPTURE_AUTORELEASING = YES;
				CLANG_WARN_BOOL_CONVERSION = YES;
				CLANG_WARN_COMMA = YES;
				CLANG_WARN_CONSTANT_CONVERSION = YES;
				CLANG_WARN_DEPRECATED_OBJC_IMPLEMENTATIONS = YES;
				CLANG_WARN_DIRECT_OBJC_ISA_USAGE = YES_ERROR;
				CLANG_WARN_DOCUMENTATION_COMMENTS = YES;
				CLANG_WARN_EMPTY_BODY = YES;
				CLANG_WARN_ENUM_CONVERSION = YES;
				CLANG_WARN_INFINITE_RECURSION = YES;
				CLANG_WARN_INT_CONVERSION = YES;
				CLANG_WARN_NON_LITERAL_NULL_CONVERSION = YES;
				CLANG_WARN_OBJC_IMPLICIT_RETAIN_SELF = YES;
				CLANG_WARN_OBJC_LITERAL_CONVERSION = YES;
				CLANG_WARN_OBJC_ROOT_CLASS = YES_ERROR;
				CLANG_WARN_QUOTED_INCLUDE_IN_FRAMEWORK_HEADER = YES;
				CLANG_WARN_RANGE_LOOP_ANALYSIS = YES;
				CLANG_WARN_STRICT_PROTOTYPES = YES;
				CLANG_WARN_SUSPICIOUS_MOVE = YES;
				CLANG_WARN_UNGUARDED_AVAILABILITY = YES_AGGRESSIVE;
				CLANG_WARN_UNREACHABLE_CODE = YES;
				CLANG_WARN__DUPLICATE_METHOD_MATCH = YES;
				COPY_PHASE_STRIP = NO;
				DEBUG_INFORMATION_FORMAT = "dwarf-with-dsym";
				ENABLE_NS_ASSERTIONS = NO;
				ENABLE_STRICT_OBJC_MSGSEND = YES;
				GCC_C_LANGUAGE_STANDARD = gnu11;
				GCC_NO_COMMON_BLOCKS = YES;
				GCC_WARN_64_TO_32_BIT_CONVERSION = YES;
				GCC_WARN_ABOUT_RETURN_TYPE = YES_ERROR;
				GCC_WARN_UNDECLARED_SELECTOR = YES;
				GCC_WARN_UNINITIALIZED_AUTOS = YES_AGGRESSIVE;
				GCC_WARN_UNUSED_FUNCTION = YES;
				GCC_WARN_UNUSED_VARIABLE = YES;
				MACOSX_DEPLOYMENT_TARGET = 13.1;
				MTL_ENABLE_DEBUG_INFO = NO;
				MTL_FAST_MATH = YES;
				SDKROOT = macosx;
				SWIFT_COMPILATION_MODE = wholemodule;
				SWIFT_OPTIMIZATION_LEVEL = "-O";
			};
			name = Release;
		};
		4CB15A802A169E0B007EFEB0 /* Debug */ = {
			isa = XCBuildConfiguration;
			buildSettings = {
				ASSETCATALOG_COMPILER_APPICON_NAME = AppIcon;
				ASSETCATALOG_COMPILER_GLOBAL_ACCENT_COLOR_NAME = AccentColor;
				CODE_SIGN_ENTITLEMENTS = "Paper Flow/Paper_Flow.entitlements";
				CODE_SIGN_STYLE = Automatic;
				COMBINE_HIDPI_IMAGES = YES;
				CURRENT_PROJECT_VERSION = 1;
				DEVELOPMENT_TEAM = 48KV35Y6PN;
				ENABLE_HARDENED_RUNTIME = YES;
				GENERATE_INFOPLIST_FILE = YES;
				INFOPLIST_KEY_NSHumanReadableCopyright = "";
				INFOPLIST_KEY_NSPrincipalClass = NSApplication;
				LD_RUNPATH_SEARCH_PATHS = (
					"$(inherited)",
					"@executable_path/../Frameworks",
				);
				MACOSX_DEPLOYMENT_TARGET = 11.0;
				MARKETING_VERSION = 1.0;
				PRODUCT_BUNDLE_IDENTIFIER = "dev.paperwave.Paper-Flow";
				PRODUCT_NAME = "$(TARGET_NAME)";
				SWIFT_EMIT_LOC_STRINGS = YES;
				SWIFT_VERSION = 5.0;
			};
			name = Debug;
		};
		4CB15A812A169E0B007EFEB0 /* Release */ = {
			isa = XCBuildConfiguration;
			buildSettings = {
				ASSETCATALOG_COMPILER_APPICON_NAME = AppIcon;
				ASSETCATALOG_COMPILER_GLOBAL_ACCENT_COLOR_NAME = AccentColor;
				CODE_SIGN_ENTITLEMENTS = "Paper Flow/Paper_Flow.entitlements";
				CODE_SIGN_STYLE = Automatic;
				COMBINE_HIDPI_IMAGES = YES;
				CURRENT_PROJECT_VERSION = 1;
				DEVELOPMENT_TEAM = 48KV35Y6PN;
				ENABLE_HARDENED_RUNTIME = YES;
				GENERATE_INFOPLIST_FILE = YES;
				INFOPLIST_KEY_NSHumanReadableCopyright = "";
				INFOPLIST_KEY_NSPrincipalClass = NSApplication;
				LD_RUNPATH_SEARCH_PATHS = (
					"$(inherited)",
					"@executable_path/../Frameworks",
				);
				MACOSX_DEPLOYMENT_TARGET = 11.0;
				MARKETING_VERSION = 1.0;
				PRODUCT_BUNDLE_IDENTIFIER = "dev.paperwave.Paper-Flow";
				PRODUCT_NAME = "$(TARGET_NAME)";
				SWIFT_EMIT_LOC_STRINGS = YES;
				SWIFT_VERSION = 5.0;
			};
			name = Release;
		};
		4CB15A832A169E0B007EFEB0 /* Debug */ = {
			isa = XCBuildConfiguration;
			buildSettings = {
				ALWAYS_EMBED_SWIFT_STANDARD_LIBRARIES = YES;
				BUNDLE_LOADER = "$(TEST_HOST)";
				CODE_SIGN_STYLE = Automatic;
				CURRENT_PROJECT_VERSION = 1;
				DEVELOPMENT_TEAM = 48KV35Y6PN;
				GENERATE_INFOPLIST_FILE = YES;
				MACOSX_DEPLOYMENT_TARGET = 13.1;
				MARKETING_VERSION = 1.0;
				PRODUCT_BUNDLE_IDENTIFIER = "dev.paperwave.Paper-FlowTests";
				PRODUCT_NAME = "$(TARGET_NAME)";
				SWIFT_EMIT_LOC_STRINGS = NO;
				SWIFT_VERSION = 5.0;
				TEST_HOST = "$(BUILT_PRODUCTS_DIR)/Paper Flow.app/$(BUNDLE_EXECUTABLE_FOLDER_PATH)/Paper Flow";
			};
			name = Debug;
		};
		4CB15A842A169E0B007EFEB0 /* Release */ = {
			isa = XCBuildConfiguration;
			buildSettings = {
				ALWAYS_EMBED_SWIFT_STANDARD_LIBRARIES = YES;
				BUNDLE_LOADER = "$(TEST_HOST)";
				CODE_SIGN_STYLE = Automatic;
				CURRENT_PROJECT_VERSION = 1;
				DEVELOPMENT_TEAM = 48KV35Y6PN;
				GENERATE_INFOPLIST_FILE = YES;
				MACOSX_DEPLOYMENT_TARGET = 13.1;
				MARKETING_VERSION = 1.0;
				PRODUCT_BUNDLE_IDENTIFIER = "dev.paperwave.Paper-FlowTests";
				PRODUCT_NAME = "$(TARGET_NAME)";
				SWIFT_EMIT_LOC_STRINGS = NO;
				SWIFT_VERSION = 5.0;
				TEST_HOST = "$(BUILT_PRODUCTS_DIR)/Paper Flow.app/$(BUNDLE_EXECUTABLE_FOLDER_PATH)/Paper Flow";
			};
			name = Release;
		};
		4CB15A862A169E0B007EFEB0 /* Debug */ = {
			isa = XCBuildConfiguration;
			buildSettings = {
				ALWAYS_EMBED_SWIFT_STANDARD_LIBRARIES = YES;
				CODE_SIGN_STYLE = Automatic;
				CURRENT_PROJECT_VERSION = 1;
				DEVELOPMENT_TEAM = 48KV35Y6PN;
				GENERATE_INFOPLIST_FILE = YES;
				MARKETING_VERSION = 1.0;
				PRODUCT_BUNDLE_IDENTIFIER = "dev.paperwave.Paper-FlowUITests";
				PRODUCT_NAME = "$(TARGET_NAME)";
				SWIFT_EMIT_LOC_STRINGS = NO;
				SWIFT_VERSION = 5.0;
				TEST_TARGET_NAME = "Paper Flow";
			};
			name = Debug;
		};
		4CB15A872A169E0B007EFEB0 /* Release */ = {
			isa = XCBuildConfiguration;
			buildSettings = {
				ALWAYS_EMBED_SWIFT_STANDARD_LIBRARIES = YES;
				CODE_SIGN_STYLE = Automatic;
				CURRENT_PROJECT_VERSION = 1;
				DEVELOPMENT_TEAM = 48KV35Y6PN;
				GENERATE_INFOPLIST_FILE = YES;
				MARKETING_VERSION = 1.0;
				PRODUCT_BUNDLE_IDENTIFIER = "dev.paperwave.Paper-FlowUITests";
				PRODUCT_NAME = "$(TARGET_NAME)";
				SWIFT_EMIT_LOC_STRINGS = NO;
				SWIFT_VERSION = 5.0;
				TEST_TARGET_NAME = "Paper Flow";
			};
			name = Release;
		};
/* End XCBuildConfiguration section */

/* Begin XCConfigurationList section */
		4CB15A552A169E0A007EFEB0 /* Build configuration list for PBXProject "Paper Flow" */ = {
			isa = XCConfigurationList;
			buildConfigurations = (
				4CB15A7D2A169E0B007EFEB0 /* Debug */,
				4CB15A7E2A169E0B007EFEB0 /* Release */,
			);
			defaultConfigurationIsVisible = 0;
			defaultConfigurationName = Release;
		};
		4CB15A7F2A169E0B007EFEB0 /* Build configuration list for PBXNativeTarget "Paper Flow" */ = {
			isa = XCConfigurationList;
			buildConfigurations = (
				4CB15A802A169E0B007EFEB0 /* Debug */,
				4CB15A812A169E0B007EFEB0 /* Release */,
			);
			defaultConfigurationIsVisible = 0;
			defaultConfigurationName = Release;
		};
		4CB15A822A169E0B007EFEB0 /* Build configuration list for PBXNativeTarget "Paper FlowTests" */ = {
			isa = XCConfigurationList;
			buildConfigurations = (
				4CB15A832A169E0B007EFEB0 /* Debug */,
				4CB15A842A169E0B007EFEB0 /* Release */,
			);
			defaultConfigurationIsVisible = 0;
			defaultConfigurationName = Release;
		};
		4CB15A852A169E0B007EFEB0 /* Build configuration list for PBXNativeTarget "Paper FlowUITests" */ = {
			isa = XCConfigurationList;
			buildConfigurations = (
				4CB15A862A169E0B007EFEB0 /* Debug */,
				4CB15A872A169E0B007EFEB0 /* Release */,
			);
			defaultConfigurationIsVisible = 0;
			defaultConfigurationName = Release;
		};
/* End XCConfigurationList section */
	};
	rootObject = 4CB15A522A169E0A007EFEB0 /* Project object */;
}
